Microsoft Visual Studio Solution File, Format Version 12.00
# Visual Studio Version 18
VisualStudioVersion = 18.4.11620.152
MinimumVisualStudioVersion = 10.0.40219.1
Project("{FAE04EC0-301F-11D3-BF4B-00C04F79EFBC}") = "SystemUptimeTracker.Api", "src\SystemUptimeTracker\SystemUptimeTracker.Api\SystemUptimeTracker.Api.csproj", "{5FD65A19-ACAD-47FB-9E0C-4ED3B506B50A}"
EndProject
Project("{54A90642-561A-4BB1-A94E-469ADEE60C69}") = "SystemUptimeTracker.Web", "src\SystemUptimeTracker\SystemUptimeTracker.Web\SystemUptimeTracker.Web.esproj", "{761AA28B-0FA7-4C24-8CAB-465A62E512F7}"
EndProject
Project("{2150E333-8FDC-42A3-9474-1A3956D46DE8}") = "Project Files", "Project Files", "{02EA681E-C7D8-13C7-8484-4AC65E1B71E8}"
	ProjectSection(SolutionItems) = preProject
		.editorconfig = .editorconfig
		.gitattributes = .gitattributes
		.gitignore = .gitignore
		.vsconfig = .vsconfig
		AUTHORS.md = AUTHORS.md
		CHANGELOG.md = CHANGELOG.md
		CODEOWNERS = CODEOWNERS
		CONTRIBUTING.md = CONTRIBUTING.md
		.devcontainer\devcontainer.json = .devcontainer\devcontainer.json
		docker_down.ps1 = docker_down.ps1
		docker_setup.ps1 = docker_setup.ps1
		LICENSE = LICENSE
		post_devcontainer.ps1 = post_devcontainer.ps1
		README.md = README.md
	EndProjectSection
EndProject
Project("{FAE04EC0-301F-11D3-BF4B-00C04F79EFBC}") = "SystemUptimeTracker.Common", "src\SystemUptimeTracker\SystemUptimeTracker.Common\SystemUptimeTracker.Common.csproj", "{98E44DA9-2643-42D2-9724-ECE09DA2EBB3}"
EndProject
Project("{FAE04EC0-301F-11D3-BF4B-00C04F79EFBC}") = "SystemUptimeTracker.Tests", "src\SystemUptimeTracker\SystemUptimeTracker.Tests\SystemUptimeTracker.Tests.csproj", "{DFFC420E-94C5-F74E-1A2F-F46B4822E15C}"
EndProject
Project("{2150E333-8FDC-42A3-9474-1A3956D46DE8}") = "TestAutomation", "TestAutomation", "{11C8BED4-7DB7-48FE-A8CF-0AA3A671DF18}"
EndProject
Project("{FAE04EC0-301F-11D3-BF4B-00C04F79EFBC}") = "SystemUptimeTracker.Qa.Automation", "src\SystemUptimeTracker\SystemUptimeTracker.Qa.Automation\SystemUptimeTracker.Qa.Automation.csproj", "{157A41F9-6695-F056-3E02-E99C75CB2C02}"
EndProject
Project("{FAE04EC0-301F-11D3-BF4B-00C04F79EFBC}") = "SystemUptimeTracker.AppHost", "src\SystemUptimeTracker\SystemUptimeTracker.AppHost\SystemUptimeTracker.AppHost.csproj", "{9E2000F2-8DCB-4318-ACEF-77F89B5C6325}"
EndProject
Project("{FAE04EC0-301F-11D3-BF4B-00C04F79EFBC}") = "SystemUptimeTracker.ServiceDefaults", "src\SystemUptimeTracker\SystemUptimeTracker.ServiceDefaults\SystemUptimeTracker.ServiceDefaults.csproj", "{969CE93D-DF0D-48A9-9A32-C1A297D43F52}"
EndProject
Project("{2150E333-8FDC-42A3-9474-1A3956D46DE8}") = "Aspire", "Aspire", "{D3E4C5F4-A3CB-4429-9799-575AE0FCC815}"
EndProject
Project("{FAE04EC0-301F-11D3-BF4B-00C04F79EFBC}") = "SystemUptimeTracker.Data", "src\SystemUptimeTracker\SystemUptimeTracker.Data\SystemUptimeTracker.Data.csproj", "{E894EE17-7F34-41E8-9FDD-65E1BD45E781}"
EndProject
Global
	GlobalSection(SolutionConfigurationPlatforms) = preSolution
		Debug|Any CPU = Debug|Any CPU
		Debug|x64 = Debug|x64
		Debug|x86 = Debug|x86
		Development|Any CPU = Development|Any CPU
		Development|x64 = Development|x64
		Development|x86 = Development|x86
		Production|Any CPU = Production|Any CPU
		Production|x64 = Production|x64
		Production|x86 = Production|x86
		Release|Any CPU = Release|Any CPU
		Release|x64 = Release|x64
		Release|x86 = Release|x86
		Staging|Any CPU = Staging|Any CPU
		Staging|x64 = Staging|x64
		Staging|x86 = Staging|x86
		Testing|Any CPU = Testing|Any CPU
		Testing|x64 = Testing|x64
		Testing|x86 = Testing|x86
	EndGlobalSection
	GlobalSection(ProjectConfigurationPlatforms) = postSolution
		{5FD65A19-ACAD-47FB-9E0C-4ED3B506B50A}.Debug|Any CPU.ActiveCfg = Debug|Any CPU
		{5FD65A19-ACAD-47FB-9E0C-4ED3B506B50A}.Debug|Any CPU.Build.0 = Debug|Any CPU
		{5FD65A19-ACAD-47FB-9E0C-4ED3B506B50A}.Debug|x64.ActiveCfg = Debug|Any CPU
		{5FD65A19-ACAD-47FB-9E0C-4ED3B506B50A}.Debug|x64.Build.0 = Debug|Any CPU
		{5FD65A19-ACAD-47FB-9E0C-4ED3B506B50A}.Debug|x86.ActiveCfg = Debug|Any CPU
		{5FD65A19-ACAD-47FB-9E0C-4ED3B506B50A}.Debug|x86.Build.0 = Debug|Any CPU
		{5FD65A19-ACAD-47FB-9E0C-4ED3B506B50A}.Development|Any CPU.ActiveCfg = Development|Any CPU
		{5FD65A19-ACAD-47FB-9E0C-4ED3B506B50A}.Development|Any CPU.Build.0 = Development|Any CPU
		{5FD65A19-ACAD-47FB-9E0C-4ED3B506B50A}.Development|x64.ActiveCfg = Development|Any CPU
		{5FD65A19-ACAD-47FB-9E0C-4ED3B506B50A}.Development|x64.Build.0 = Development|Any CPU
		{5FD65A19-ACAD-47FB-9E0C-4ED3B506B50A}.Development|x86.ActiveCfg = Development|Any CPU
		{5FD65A19-ACAD-47FB-9E0C-4ED3B506B50A}.Development|x86.Build.0 = Development|Any CPU
		{5FD65A19-ACAD-47FB-9E0C-4ED3B506B50A}.Production|Any CPU.ActiveCfg = Production|Any CPU
		{5FD65A19-ACAD-47FB-9E0C-4ED3B506B50A}.Production|Any CPU.Build.0 = Production|Any CPU
		{5FD65A19-ACAD-47FB-9E0C-4ED3B506B50A}.Production|x64.ActiveCfg = Production|Any CPU
		{5FD65A19-ACAD-47FB-9E0C-4ED3B506B50A}.Production|x64.Build.0 = Production|Any CPU
		{5FD65A19-ACAD-47FB-9E0C-4ED3B506B50A}.Production|x86.ActiveCfg = Production|Any CPU
		{5FD65A19-ACAD-47FB-9E0C-4ED3B506B50A}.Production|x86.Build.0 = Production|Any CPU
		{5FD65A19-ACAD-47FB-9E0C-4ED3B506B50A}.Release|Any CPU.ActiveCfg = Release|Any CPU
		{5FD65A19-ACAD-47FB-9E0C-4ED3B506B50A}.Release|Any CPU.Build.0 = Release|Any CPU
		{5FD65A19-ACAD-47FB-9E0C-4ED3B506B50A}.Release|x64.ActiveCfg = Release|Any CPU
		{5FD65A19-ACAD-47FB-9E0C-4ED3B506B50A}.Release|x64.Build.0 = Release|Any CPU
		{5FD65A19-ACAD-47FB-9E0C-4ED3B506B50A}.Release|x86.ActiveCfg = Release|Any CPU
		{5FD65A19-ACAD-47FB-9E0C-4ED3B506B50A}.Release|x86.Build.0 = Release|Any CPU
		{5FD65A19-ACAD-47FB-9E0C-4ED3B506B50A}.Staging|Any CPU.ActiveCfg = Staging|Any CPU
		{5FD65A19-ACAD-47FB-9E0C-4ED3B506B50A}.Staging|Any CPU.Build.0 = Staging|Any CPU
		{5FD65A19-ACAD-47FB-9E0C-4ED3B506B50A}.Staging|x64.ActiveCfg = Staging|Any CPU
		{5FD65A19-ACAD-47FB-9E0C-4ED3B506B50A}.Staging|x64.Build.0 = Staging|Any CPU
		{5FD65A19-ACAD-47FB-9E0C-4ED3B506B50A}.Staging|x86.ActiveCfg = Staging|Any CPU
		{5FD65A19-ACAD-47FB-9E0C-4ED3B506B50A}.Staging|x86.Build.0 = Staging|Any CPU
		{5FD65A19-ACAD-47FB-9E0C-4ED3B506B50A}.Testing|Any CPU.ActiveCfg = Testing|Any CPU
		{5FD65A19-ACAD-47FB-9E0C-4ED3B506B50A}.Testing|Any CPU.Build.0 = Testing|Any CPU
		{5FD65A19-ACAD-47FB-9E0C-4ED3B506B50A}.Testing|x64.ActiveCfg = Testing|Any CPU
		{5FD65A19-ACAD-47FB-9E0C-4ED3B506B50A}.Testing|x64.Build.0 = Testing|Any CPU
		{5FD65A19-ACAD-47FB-9E0C-4ED3B506B50A}.Testing|x86.ActiveCfg = Testing|Any CPU
		{5FD65A19-ACAD-47FB-9E0C-4ED3B506B50A}.Testing|x86.Build.0 = Testing|Any CPU
		{761AA28B-0FA7-4C24-8CAB-465A62E512F7}.Debug|Any CPU.ActiveCfg = Debug|Any CPU
		{761AA28B-0FA7-4C24-8CAB-465A62E512F7}.Debug|Any CPU.Build.0 = Debug|Any CPU
		{761AA28B-0FA7-4C24-8CAB-465A62E512F7}.Debug|Any CPU.Deploy.0 = Debug|Any CPU
		{761AA28B-0FA7-4C24-8CAB-465A62E512F7}.Debug|x64.ActiveCfg = Debug|x64
		{761AA28B-0FA7-4C24-8CAB-465A62E512F7}.Debug|x86.ActiveCfg = Debug|x86
		{761AA28B-0FA7-4C24-8CAB-465A62E512F7}.Development|Any CPU.ActiveCfg = Development|Any CPU
		{761AA28B-0FA7-4C24-8CAB-465A62E512F7}.Development|Any CPU.Build.0 = Development|Any CPU
		{761AA28B-0FA7-4C24-8CAB-465A62E512F7}.Development|Any CPU.Deploy.0 = Development|Any CPU
		{761AA28B-0FA7-4C24-8CAB-465A62E512F7}.Development|x64.ActiveCfg = Development|x64
		{761AA28B-0FA7-4C24-8CAB-465A62E512F7}.Development|x86.ActiveCfg = Development|x86
		{761AA28B-0FA7-4C24-8CAB-465A62E512F7}.Production|Any CPU.ActiveCfg = Production|Any CPU
		{761AA28B-0FA7-4C24-8CAB-465A62E512F7}.Production|Any CPU.Build.0 = Production|Any CPU
		{761AA28B-0FA7-4C24-8CAB-465A62E512F7}.Production|Any CPU.Deploy.0 = Production|Any CPU
		{761AA28B-0FA7-4C24-8CAB-465A62E512F7}.Production|x64.ActiveCfg = Production|x64
		{761AA28B-0FA7-4C24-8CAB-465A62E512F7}.Production|x86.ActiveCfg = Production|x86
		{761AA28B-0FA7-4C24-8CAB-465A62E512F7}.Release|Any CPU.ActiveCfg = Release|Any CPU
		{761AA28B-0FA7-4C24-8CAB-465A62E512F7}.Release|Any CPU.Build.0 = Release|Any CPU
		{761AA28B-0FA7-4C24-8CAB-465A62E512F7}.Release|Any CPU.Deploy.0 = Release|Any CPU
		{761AA28B-0FA7-4C24-8CAB-465A62E512F7}.Release|x64.ActiveCfg = Release|x64
		{761AA28B-0FA7-4C24-8CAB-465A62E512F7}.Release|x86.ActiveCfg = Release|x86
		{761AA28B-0FA7-4C24-8CAB-465A62E512F7}.Staging|Any CPU.ActiveCfg = Staging|Any CPU
		{761AA28B-0FA7-4C24-8CAB-465A62E512F7}.Staging|Any CPU.Build.0 = Staging|Any CPU
		{761AA28B-0FA7-4C24-8CAB-465A62E512F7}.Staging|Any CPU.Deploy.0 = Staging|Any CPU
		{761AA28B-0FA7-4C24-8CAB-465A62E512F7}.Staging|x64.ActiveCfg = Staging|x64
		{761AA28B-0FA7-4C24-8CAB-465A62E512F7}.Staging|x86.ActiveCfg = Staging|x86
		{761AA28B-0FA7-4C24-8CAB-465A62E512F7}.Testing|Any CPU.ActiveCfg = Testing|Any CPU
		{761AA28B-0FA7-4C24-8CAB-465A62E512F7}.Testing|Any CPU.Build.0 = Testing|Any CPU
		{761AA28B-0FA7-4C24-8CAB-465A62E512F7}.Testing|Any CPU.Deploy.0 = Testing|Any CPU
		{761AA28B-0FA7-4C24-8CAB-465A62E512F7}.Testing|x64.ActiveCfg = Testing|x64
		{761AA28B-0FA7-4C24-8CAB-465A62E512F7}.Testing|x86.ActiveCfg = Testing|x86
		{98E44DA9-2643-42D2-9724-ECE09DA2EBB3}.Debug|Any CPU.ActiveCfg = Debug|Any CPU
		{98E44DA9-2643-42D2-9724-ECE09DA2EBB3}.Debug|Any CPU.Build.0 = Debug|Any CPU
		{98E44DA9-2643-42D2-9724-ECE09DA2EBB3}.Debug|x64.ActiveCfg = Debug|Any CPU
		{98E44DA9-2643-42D2-9724-ECE09DA2EBB3}.Debug|x64.Build.0 = Debug|Any CPU
		{98E44DA9-2643-42D2-9724-ECE09DA2EBB3}.Debug|x86.ActiveCfg = Debug|Any CPU
		{98E44DA9-2643-42D2-9724-ECE09DA2EBB3}.Debug|x86.Build.0 = Debug|Any CPU
		{98E44DA9-2643-42D2-9724-ECE09DA2EBB3}.Development|Any CPU.ActiveCfg = Development|Any CPU
		{98E44DA9-2643-42D2-9724-ECE09DA2EBB3}.Development|Any CPU.Build.0 = Development|Any CPU
		{98E44DA9-2643-42D2-9724-ECE09DA2EBB3}.Development|x64.ActiveCfg = Development|Any CPU
		{98E44DA9-2643-42D2-9724-ECE09DA2EBB3}.Development|x64.Build.0 = Development|Any CPU
		{98E44DA9-2643-42D2-9724-ECE09DA2EBB3}.Development|x86.ActiveCfg = Development|Any CPU
		{98E44DA9-2643-42D2-9724-ECE09DA2EBB3}.Development|x86.Build.0 = Development|Any CPU
		{98E44DA9-2643-42D2-9724-ECE09DA2EBB3}.Production|Any CPU.ActiveCfg = Production|Any CPU
		{98E44DA9-2643-42D2-9724-ECE09DA2EBB3}.Production|Any CPU.Build.0 = Production|Any CPU
		{98E44DA9-2643-42D2-9724-ECE09DA2EBB3}.Production|x64.ActiveCfg = Production|Any CPU
		{98E44DA9-2643-42D2-9724-ECE09DA2EBB3}.Production|x64.Build.0 = Production|Any CPU
		{98E44DA9-2643-42D2-9724-ECE09DA2EBB3}.Production|x86.ActiveCfg = Production|Any CPU
		{98E44DA9-2643-42D2-9724-ECE09DA2EBB3}.Production|x86.Build.0 = Production|Any CPU
		{98E44DA9-2643-42D2-9724-ECE09DA2EBB3}.Release|Any CPU.ActiveCfg = Release|Any CPU
		{98E44DA9-2643-42D2-9724-ECE09DA2EBB3}.Release|Any CPU.Build.0 = Release|Any CPU
		{98E44DA9-2643-42D2-9724-ECE09DA2EBB3}.Release|x64.ActiveCfg = Release|Any CPU
		{98E44DA9-2643-42D2-9724-ECE09DA2EBB3}.Release|x64.Build.0 = Release|Any CPU
		{98E44DA9-2643-42D2-9724-ECE09DA2EBB3}.Release|x86.ActiveCfg = Release|Any CPU
		{98E44DA9-2643-42D2-9724-ECE09DA2EBB3}.Release|x86.Build.0 = Release|Any CPU
		{98E44DA9-2643-42D2-9724-ECE09DA2EBB3}.Staging|Any CPU.ActiveCfg = Staging|Any CPU
		{98E44DA9-2643-42D2-9724-ECE09DA2EBB3}.Staging|Any CPU.Build.0 = Staging|Any CPU
		{98E44DA9-2643-42D2-9724-ECE09DA2EBB3}.Staging|x64.ActiveCfg = Staging|Any CPU
		{98E44DA9-2643-42D2-9724-ECE09DA2EBB3}.Staging|x64.Build.0 = Staging|Any CPU
		{98E44DA9-2643-42D2-9724-ECE09DA2EBB3}.Staging|x86.ActiveCfg = Staging|Any CPU
		{98E44DA9-2643-42D2-9724-ECE09DA2EBB3}.Staging|x86.Build.0 = Staging|Any CPU
		{98E44DA9-2643-42D2-9724-ECE09DA2EBB3}.Testing|Any CPU.ActiveCfg = Testing|Any CPU
		{98E44DA9-2643-42D2-9724-ECE09DA2EBB3}.Testing|Any CPU.Build.0 = Testing|Any CPU
		{98E44DA9-2643-42D2-9724-ECE09DA2EBB3}.Testing|x64.ActiveCfg = Testing|Any CPU
		{98E44DA9-2643-42D2-9724-ECE09DA2EBB3}.Testing|x64.Build.0 = Testing|Any CPU
		{98E44DA9-2643-42D2-9724-ECE09DA2EBB3}.Testing|x86.ActiveCfg = Testing|Any CPU
		{98E44DA9-2643-42D2-9724-ECE09DA2EBB3}.Testing|x86.Build.0 = Testing|Any CPU
		{DFFC420E-94C5-F74E-1A2F-F46B4822E15C}.Debug|Any CPU.ActiveCfg = Debug|Any CPU
		{DFFC420E-94C5-F74E-1A2F-F46B4822E15C}.Debug|Any CPU.Build.0 = Debug|Any CPU
		{DFFC420E-94C5-F74E-1A2F-F46B4822E15C}.Debug|x64.ActiveCfg = Debug|Any CPU
		{DFFC420E-94C5-F74E-1A2F-F46B4822E15C}.Debug|x64.Build.0 = Debug|Any CPU
		{DFFC420E-94C5-F74E-1A2F-F46B4822E15C}.Debug|x86.ActiveCfg = Debug|Any CPU
		{DFFC420E-94C5-F74E-1A2F-F46B4822E15C}.Debug|x86.Build.0 = Debug|Any CPU
		{DFFC420E-94C5-F74E-1A2F-F46B4822E15C}.Development|Any CPU.ActiveCfg = Development|Any CPU
		{DFFC420E-94C5-F74E-1A2F-F46B4822E15C}.Development|Any CPU.Build.0 = Development|Any CPU
		{DFFC420E-94C5-F74E-1A2F-F46B4822E15C}.Development|x64.ActiveCfg = Development|Any CPU
		{DFFC420E-94C5-F74E-1A2F-F46B4822E15C}.Development|x64.Build.0 = Development|Any CPU
		{DFFC420E-94C5-F74E-1A2F-F46B4822E15C}.Development|x86.ActiveCfg = Development|Any CPU
		{DFFC420E-94C5-F74E-1A2F-F46B4822E15C}.Development|x86.Build.0 = Development|Any CPU
		{DFFC420E-94C5-F74E-1A2F-F46B4822E15C}.Production|Any CPU.ActiveCfg = Production|Any CPU
		{DFFC420E-94C5-F74E-1A2F-F46B4822E15C}.Production|Any CPU.Build.0 = Production|Any CPU
		{DFFC420E-94C5-F74E-1A2F-F46B4822E15C}.Production|x64.ActiveCfg = Production|Any CPU
		{DFFC420E-94C5-F74E-1A2F-F46B4822E15C}.Production|x64.Build.0 = Production|Any CPU
		{DFFC420E-94C5-F74E-1A2F-F46B4822E15C}.Production|x86.ActiveCfg = Production|Any CPU
		{DFFC420E-94C5-F74E-1A2F-F46B4822E15C}.Production|x86.Build.0 = Production|Any CPU
		{DFFC420E-94C5-F74E-1A2F-F46B4822E15C}.Release|Any CPU.ActiveCfg = Release|Any CPU
		{DFFC420E-94C5-F74E-1A2F-F46B4822E15C}.Release|Any CPU.Build.0 = Release|Any CPU
		{DFFC420E-94C5-F74E-1A2F-F46B4822E15C}.Release|x64.ActiveCfg = Release|Any CPU
		{DFFC420E-94C5-F74E-1A2F-F46B4822E15C}.Release|x64.Build.0 = Release|Any CPU
		{DFFC420E-94C5-F74E-1A2F-F46B4822E15C}.Release|x86.ActiveCfg = Release|Any CPU
		{DFFC420E-94C5-F74E-1A2F-F46B4822E15C}.Release|x86.Build.0 = Release|Any CPU
		{DFFC420E-94C5-F74E-1A2F-F46B4822E15C}.Staging|Any CPU.ActiveCfg = Staging|Any CPU
		{DFFC420E-94C5-F74E-1A2F-F46B4822E15C}.Staging|Any CPU.Build.0 = Staging|Any CPU
		{DFFC420E-94C5-F74E-1A2F-F46B4822E15C}.Staging|x64.ActiveCfg = Staging|Any CPU
		{DFFC420E-94C5-F74E-1A2F-F46B4822E15C}.Staging|x64.Build.0 = Staging|Any CPU
		{DFFC420E-94C5-F74E-1A2F-F46B4822E15C}.Staging|x86.ActiveCfg = Staging|Any CPU
		{DFFC420E-94C5-F74E-1A2F-F46B4822E15C}.Staging|x86.Build.0 = Staging|Any CPU
		{DFFC420E-94C5-F74E-1A2F-F46B4822E15C}.Testing|Any CPU.ActiveCfg = Testing|Any CPU
		{DFFC420E-94C5-F74E-1A2F-F46B4822E15C}.Testing|Any CPU.Build.0 = Testing|Any CPU
		{DFFC420E-94C5-F74E-1A2F-F46B4822E15C}.Testing|x64.ActiveCfg = Testing|Any CPU
		{DFFC420E-94C5-F74E-1A2F-F46B4822E15C}.Testing|x64.Build.0 = Testing|Any CPU
		{DFFC420E-94C5-F74E-1A2F-F46B4822E15C}.Testing|x86.ActiveCfg = Testing|Any CPU
		{DFFC420E-94C5-F74E-1A2F-F46B4822E15C}.Testing|x86.Build.0 = Testing|Any CPU
		{157A41F9-6695-F056-3E02-E99C75CB2C02}.Debug|Any CPU.ActiveCfg = Debug|Any CPU
		{157A41F9-6695-F056-3E02-E99C75CB2C02}.Debug|Any CPU.Build.0 = Debug|Any CPU
		{157A41F9-6695-F056-3E02-E99C75CB2C02}.Debug|x64.ActiveCfg = Debug|Any CPU
		{157A41F9-6695-F056-3E02-E99C75CB2C02}.Debug|x64.Build.0 = Debug|Any CPU
		{157A41F9-6695-F056-3E02-E99C75CB2C02}.Debug|x86.ActiveCfg = Debug|Any CPU
		{157A41F9-6695-F056-3E02-E99C75CB2C02}.Debug|x86.Build.0 = Debug|Any CPU
		{157A41F9-6695-F056-3E02-E99C75CB2C02}.Development|Any CPU.ActiveCfg = Development|Any CPU
		{157A41F9-6695-F056-3E02-E99C75CB2C02}.Development|Any CPU.Build.0 = Development|Any CPU
		{157A41F9-6695-F056-3E02-E99C75CB2C02}.Development|x64.ActiveCfg = Development|Any CPU
		{157A41F9-6695-F056-3E02-E99C75CB2C02}.Development|x64.Build.0 = Development|Any CPU
		{157A41F9-6695-F056-3E02-E99C75CB2C02}.Development|x86.ActiveCfg = Development|Any CPU
		{157A41F9-6695-F056-3E02-E99C75CB2C02}.Development|x86.Build.0 = Development|Any CPU
		{157A41F9-6695-F056-3E02-E99C75CB2C02}.Production|Any CPU.ActiveCfg = Production|Any CPU
		{157A41F9-6695-F056-3E02-E99C75CB2C02}.Production|Any CPU.Build.0 = Production|Any CPU
		{157A41F9-6695-F056-3E02-E99C75CB2C02}.Production|x64.ActiveCfg = Production|Any CPU
		{157A41F9-6695-F056-3E02-E99C75CB2C02}.Production|x64.Build.0 = Production|Any CPU
		{157A41F9-6695-F056-3E02-E99C75CB2C02}.Production|x86.ActiveCfg = Production|Any CPU
		{157A41F9-6695-F056-3E02-E99C75CB2C02}.Production|x86.Build.0 = Production|Any CPU
		{157A41F9-6695-F056-3E02-E99C75CB2C02}.Release|Any CPU.ActiveCfg = Release|Any CPU
		{157A41F9-6695-F056-3E02-E99C75CB2C02}.Release|Any CPU.Build.0 = Release|Any CPU
		{157A41F9-6695-F056-3E02-E99C75CB2C02}.Release|x64.ActiveCfg = Release|Any CPU
		{157A41F9-6695-F056-3E02-E99C75CB2C02}.Release|x64.Build.0 = Release|Any CPU
		{157A41F9-6695-F056-3E02-E99C75CB2C02}.Release|x86.ActiveCfg = Release|Any CPU
		{157A41F9-6695-F056-3E02-E99C75CB2C02}.Release|x86.Build.0 = Release|Any CPU
		{157A41F9-6695-F056-3E02-E99C75CB2C02}.Staging|Any CPU.ActiveCfg = Staging|Any CPU
		{157A41F9-6695-F056-3E02-E99C75CB2C02}.Staging|Any CPU.Build.0 = Staging|Any CPU
		{157A41F9-6695-F056-3E02-E99C75CB2C02}.Staging|x64.ActiveCfg = Staging|Any CPU
		{157A41F9-6695-F056-3E02-E99C75CB2C02}.Staging|x64.Build.0 = Staging|Any CPU
		{157A41F9-6695-F056-3E02-E99C75CB2C02}.Staging|x86.ActiveCfg = Staging|Any CPU
		{157A41F9-6695-F056-3E02-E99C75CB2C02}.Staging|x86.Build.0 = Staging|Any CPU
		{157A41F9-6695-F056-3E02-E99C75CB2C02}.Testing|Any CPU.ActiveCfg = Testing|Any CPU
		{157A41F9-6695-F056-3E02-E99C75CB2C02}.Testing|Any CPU.Build.0 = Testing|Any CPU
		{157A41F9-6695-F056-3E02-E99C75CB2C02}.Testing|x64.ActiveCfg = Testing|Any CPU
		{157A41F9-6695-F056-3E02-E99C75CB2C02}.Testing|x64.Build.0 = Testing|Any CPU
		{157A41F9-6695-F056-3E02-E99C75CB2C02}.Testing|x86.ActiveCfg = Testing|Any CPU
		{157A41F9-6695-F056-3E02-E99C75CB2C02}.Testing|x86.Build.0 = Testing|Any CPU
		{9E2000F2-8DCB-4318-ACEF-77F89B5C6325}.Debug|Any CPU.ActiveCfg = Debug|Any CPU
		{9E2000F2-8DCB-4318-ACEF-77F89B5C6325}.Debug|Any CPU.Build.0 = Debug|Any CPU
		{9E2000F2-8DCB-4318-ACEF-77F89B5C6325}.Debug|x64.ActiveCfg = Debug|Any CPU
		{9E2000F2-8DCB-4318-ACEF-77F89B5C6325}.Debug|x64.Build.0 = Debug|Any CPU
		{9E2000F2-8DCB-4318-ACEF-77F89B5C6325}.Debug|x86.ActiveCfg = Debug|Any CPU
		{9E2000F2-8DCB-4318-ACEF-77F89B5C6325}.Debug|x86.Build.0 = Debug|Any CPU
		{9E2000F2-8DCB-4318-ACEF-77F89B5C6325}.Development|Any CPU.ActiveCfg = Development|Any CPU
		{9E2000F2-8DCB-4318-ACEF-77F89B5C6325}.Development|Any CPU.Build.0 = Development|Any CPU
		{9E2000F2-8DCB-4318-ACEF-77F89B5C6325}.Development|x64.ActiveCfg = Development|Any CPU
		{9E2000F2-8DCB-4318-ACEF-77F89B5C6325}.Development|x64.Build.0 = Development|Any CPU
		{9E2000F2-8DCB-4318-ACEF-77F89B5C6325}.Development|x86.ActiveCfg = Development|Any CPU
		{9E2000F2-8DCB-4318-ACEF-77F89B5C6325}.Development|x86.Build.0 = Development|Any CPU
		{9E2000F2-8DCB-4318-ACEF-77F89B5C6325}.Production|Any CPU.ActiveCfg = Production|Any CPU
		{9E2000F2-8DCB-4318-ACEF-77F89B5C6325}.Production|Any CPU.Build.0 = Production|Any CPU
		{9E2000F2-8DCB-4318-ACEF-77F89B5C6325}.Production|x64.ActiveCfg = Production|Any CPU
		{9E2000F2-8DCB-4318-ACEF-77F89B5C6325}.Production|x64.Build.0 = Production|Any CPU
		{9E2000F2-8DCB-4318-ACEF-77F89B5C6325}.Production|x86.ActiveCfg = Production|Any CPU
		{9E2000F2-8DCB-4318-ACEF-77F89B5C6325}.Production|x86.Build.0 = Production|Any CPU
		{9E2000F2-8DCB-4318-ACEF-77F89B5C6325}.Release|Any CPU.ActiveCfg = Release|Any CPU
		{9E2000F2-8DCB-4318-ACEF-77F89B5C6325}.Release|Any CPU.Build.0 = Release|Any CPU
		{9E2000F2-8DCB-4318-ACEF-77F89B5C6325}.Release|x64.ActiveCfg = Release|Any CPU
		{9E2000F2-8DCB-4318-ACEF-77F89B5C6325}.Release|x64.Build.0 = Release|Any CPU
		{9E2000F2-8DCB-4318-ACEF-77F89B5C6325}.Release|x86.ActiveCfg = Release|Any CPU
		{9E2000F2-8DCB-4318-ACEF-77F89B5C6325}.Release|x86.Build.0 = Release|Any CPU
		{9E2000F2-8DCB-4318-ACEF-77F89B5C6325}.Staging|Any CPU.ActiveCfg = Staging|Any CPU
		{9E2000F2-8DCB-4318-ACEF-77F89B5C6325}.Staging|Any CPU.Build.0 = Staging|Any CPU
		{9E2000F2-8DCB-4318-ACEF-77F89B5C6325}.Staging|x64.ActiveCfg = Staging|Any CPU
		{9E2000F2-8DCB-4318-ACEF-77F89B5C6325}.Staging|x64.Build.0 = Staging|Any CPU
		{9E2000F2-8DCB-4318-ACEF-77F89B5C6325}.Staging|x86.ActiveCfg = Staging|Any CPU
		{9E2000F2-8DCB-4318-ACEF-77F89B5C6325}.Staging|x86.Build.0 = Staging|Any CPU
		{9E2000F2-8DCB-4318-ACEF-77F89B5C6325}.Testing|Any CPU.ActiveCfg = Testing|Any CPU
		{9E2000F2-8DCB-4318-ACEF-77F89B5C6325}.Testing|Any CPU.Build.0 = Testing|Any CPU
		{9E2000F2-8DCB-4318-ACEF-77F89B5C6325}.Testing|x64.ActiveCfg = Testing|Any CPU
		{9E2000F2-8DCB-4318-ACEF-77F89B5C6325}.Testing|x64.Build.0 = Testing|Any CPU
		{9E2000F2-8DCB-4318-ACEF-77F89B5C6325}.Testing|x86.ActiveCfg = Testing|Any CPU
		{9E2000F2-8DCB-4318-ACEF-77F89B5C6325}.Testing|x86.Build.0 = Testing|Any CPU
		{969CE93D-DF0D-48A9-9A32-C1A297D43F52}.Debug|Any CPU.ActiveCfg = Debug|Any CPU
		{969CE93D-DF0D-48A9-9A32-C1A297D43F52}.Debug|Any CPU.Build.0 = Debug|Any CPU
		{969CE93D-DF0D-48A9-9A32-C1A297D43F52}.Debug|x64.ActiveCfg = Debug|Any CPU
		{969CE93D-DF0D-48A9-9A32-C1A297D43F52}.Debug|x64.Build.0 = Debug|Any CPU
		{969CE93D-DF0D-48A9-9A32-C1A297D43F52}.Debug|x86.ActiveCfg = Debug|Any CPU
		{969CE93D-DF0D-48A9-9A32-C1A297D43F52}.Debug|x86.Build.0 = Debug|Any CPU
		{969CE93D-DF0D-48A9-9A32-C1A297D43F52}.Development|Any CPU.ActiveCfg = Development|Any CPU
		{969CE93D-DF0D-48A9-9A32-C1A297D43F52}.Development|Any CPU.Build.0 = Development|Any CPU
		{969CE93D-DF0D-48A9-9A32-C1A297D43F52}.Development|x64.ActiveCfg = Development|Any CPU
		{969CE93D-DF0D-48A9-9A32-C1A297D43F52}.Development|x64.Build.0 = Development|Any CPU
		{969CE93D-DF0D-48A9-9A32-C1A297D43F52}.Development|x86.ActiveCfg = Development|Any CPU
		{969CE93D-DF0D-48A9-9A32-C1A297D43F52}.Development|x86.Build.0 = Development|Any CPU
		{969CE93D-DF0D-48A9-9A32-C1A297D43F52}.Production|Any CPU.ActiveCfg = Production|Any CPU
		{969CE93D-DF0D-48A9-9A32-C1A297D43F52}.Production|Any CPU.Build.0 = Production|Any CPU
		{969CE93D-DF0D-48A9-9A32-C1A297D43F52}.Production|x64.ActiveCfg = Production|Any CPU
		{969CE93D-DF0D-48A9-9A32-C1A297D43F52}.Production|x64.Build.0 = Production|Any CPU
		{969CE93D-DF0D-48A9-9A32-C1A297D43F52}.Production|x86.ActiveCfg = Production|Any CPU
		{969CE93D-DF0D-48A9-9A32-C1A297D43F52}.Production|x86.Build.0 = Production|Any CPU
		{969CE93D-DF0D-48A9-9A32-C1A297D43F52}.Release|Any CPU.ActiveCfg = Release|Any CPU
		{969CE93D-DF0D-48A9-9A32-C1A297D43F52}.Release|Any CPU.Build.0 = Release|Any CPU
		{969CE93D-DF0D-48A9-9A32-C1A297D43F52}.Release|x64.ActiveCfg = Release|Any CPU
		{969CE93D-DF0D-48A9-9A32-C1A297D43F52}.Release|x64.Build.0 = Release|Any CPU
		{969CE93D-DF0D-48A9-9A32-C1A297D43F52}.Release|x86.ActiveCfg = Release|Any CPU
		{969CE93D-DF0D-48A9-9A32-C1A297D43F52}.Release|x86.Build.0 = Release|Any CPU
		{969CE93D-DF0D-48A9-9A32-C1A297D43F52}.Staging|Any CPU.ActiveCfg = Staging|Any CPU
		{969CE93D-DF0D-48A9-9A32-C1A297D43F52}.Staging|Any CPU.Build.0 = Staging|Any CPU
		{969CE93D-DF0D-48A9-9A32-C1A297D43F52}.Staging|x64.ActiveCfg = Staging|Any CPU
		{969CE93D-DF0D-48A9-9A32-C1A297D43F52}.Staging|x64.Build.0 = Staging|Any CPU
		{969CE93D-DF0D-48A9-9A32-C1A297D43F52}.Staging|x86.ActiveCfg = Staging|Any CPU
		{969CE93D-DF0D-48A9-9A32-C1A297D43F52}.Staging|x86.Build.0 = Staging|Any CPU
		{969CE93D-DF0D-48A9-9A32-C1A297D43F52}.Testing|Any CPU.ActiveCfg = Testing|Any CPU
		{969CE93D-DF0D-48A9-9A32-C1A297D43F52}.Testing|Any CPU.Build.0 = Testing|Any CPU
		{969CE93D-DF0D-48A9-9A32-C1A297D43F52}.Testing|x64.ActiveCfg = Testing|Any CPU
		{969CE93D-DF0D-48A9-9A32-C1A297D43F52}.Testing|x64.Build.0 = Testing|Any CPU
		{969CE93D-DF0D-48A9-9A32-C1A297D43F52}.Testing|x86.ActiveCfg = Testing|Any CPU
		{969CE93D-DF0D-48A9-9A32-C1A297D43F52}.Testing|x86.Build.0 = Testing|Any CPU
		{E894EE17-7F34-41E8-9FDD-65E1BD45E781}.Debug|Any CPU.ActiveCfg = Debug|Any CPU
		{E894EE17-7F34-41E8-9FDD-65E1BD45E781}.Debug|Any CPU.Build.0 = Debug|Any CPU
		{E894EE17-7F34-41E8-9FDD-65E1BD45E781}.Debug|x64.ActiveCfg = Debug|Any CPU
		{E894EE17-7F34-41E8-9FDD-65E1BD45E781}.Debug|x64.Build.0 = Debug|Any CPU
		{E894EE17-7F34-41E8-9FDD-65E1BD45E781}.Debug|x86.ActiveCfg = Debug|Any CPU
		{E894EE17-7F34-41E8-9FDD-65E1BD45E781}.Debug|x86.Build.0 = Debug|Any CPU
		{E894EE17-7F34-41E8-9FDD-65E1BD45E781}.Development|Any CPU.ActiveCfg = Release|Any CPU
		{E894EE17-7F34-41E8-9FDD-65E1BD45E781}.Development|Any CPU.Build.0 = Release|Any CPU
		{E894EE17-7F34-41E8-9FDD-65E1BD45E781}.Development|x64.ActiveCfg = Release|Any CPU
		{E894EE17-7F34-41E8-9FDD-65E1BD45E781}.Development|x64.Build.0 = Release|Any CPU
		{E894EE17-7F34-41E8-9FDD-65E1BD45E781}.Development|x86.ActiveCfg = Release|Any CPU
		{E894EE17-7F34-41E8-9FDD-65E1BD45E781}.Development|x86.Build.0 = Release|Any CPU
		{E894EE17-7F34-41E8-9FDD-65E1BD45E781}.Production|Any CPU.ActiveCfg = Release|Any CPU
		{E894EE17-7F34-41E8-9FDD-65E1BD45E781}.Production|Any CPU.Build.0 = Release|Any CPU
		{E894EE17-7F34-41E8-9FDD-65E1BD45E781}.Production|x64.ActiveCfg = Release|Any CPU
		{E894EE17-7F34-41E8-9FDD-65E1BD45E781}.Production|x64.Build.0 = Release|Any CPU
		{E894EE17-7F34-41E8-9FDD-65E1BD45E781}.Production|x86.ActiveCfg = Release|Any CPU
		{E894EE17-7F34-41E8-9FDD-65E1BD45E781}.Production|x86.Build.0 = Release|Any CPU
		{E894EE17-7F34-41E8-9FDD-65E1BD45E781}.Release|Any CPU.ActiveCfg = Release|Any CPU
		{E894EE17-7F34-41E8-9FDD-65E1BD45E781}.Release|Any CPU.Build.0 = Release|Any CPU
		{E894EE17-7F34-41E8-9FDD-65E1BD45E781}.Release|x64.ActiveCfg = Release|Any CPU
		{E894EE17-7F34-41E8-9FDD-65E1BD45E781}.Release|x64.Build.0 = Release|Any CPU
		{E894EE17-7F34-41E8-9FDD-65E1BD45E781}.Release|x86.ActiveCfg = Release|Any CPU
		{E894EE17-7F34-41E8-9FDD-65E1BD45E781}.Release|x86.Build.0 = Release|Any CPU
		{E894EE17-7F34-41E8-9FDD-65E1BD45E781}.Staging|Any CPU.ActiveCfg = Release|Any CPU
		{E894EE17-7F34-41E8-9FDD-65E1BD45E781}.Staging|Any CPU.Build.0 = Release|Any CPU
		{E894EE17-7F34-41E8-9FDD-65E1BD45E781}.Staging|x64.ActiveCfg = Release|Any CPU
		{E894EE17-7F34-41E8-9FDD-65E1BD45E781}.Staging|x64.Build.0 = Release|Any CPU
		{E894EE17-7F34-41E8-9FDD-65E1BD45E781}.Staging|x86.ActiveCfg = Release|Any CPU
		{E894EE17-7F34-41E8-9FDD-65E1BD45E781}.Staging|x86.Build.0 = Release|Any CPU
		{E894EE17-7F34-41E8-9FDD-65E1BD45E781}.Testing|Any CPU.ActiveCfg = Debug|Any CPU
		{E894EE17-7F34-41E8-9FDD-65E1BD45E781}.Testing|Any CPU.Build.0 = Debug|Any CPU
		{E894EE17-7F34-41E8-9FDD-65E1BD45E781}.Testing|x64.ActiveCfg = Debug|Any CPU
		{E894EE17-7F34-41E8-9FDD-65E1BD45E781}.Testing|x64.Build.0 = Debug|Any CPU
		{E894EE17-7F34-41E8-9FDD-65E1BD45E781}.Testing|x86.ActiveCfg = Debug|Any CPU
		{E894EE17-7F34-41E8-9FDD-65E1BD45E781}.Testing|x86.Build.0 = Debug|Any CPU
	EndGlobalSection
	GlobalSection(SolutionProperties) = preSolution
		HideSolutionNode = FALSE
	EndGlobalSection
	GlobalSection(NestedProjects) = preSolution
		{157A41F9-6695-F056-3E02-E99C75CB2C02} = {11C8BED4-7DB7-48FE-A8CF-0AA3A671DF18}
		{9E2000F2-8DCB-4318-ACEF-77F89B5C6325} = {D3E4C5F4-A3CB-4429-9799-575AE0FCC815}
		{969CE93D-DF0D-48A9-9A32-C1A297D43F52} = {D3E4C5F4-A3CB-4429-9799-575AE0FCC815}
	EndGlobalSection
	GlobalSection(ExtensibilityGlobals) = postSolution
		SolutionGuid = {5F58C8A6-8E0B-4A79-A364-08FC077A9FE1}
	EndGlobalSection
EndGlobal
